
Microsoft Visual Studio Solution File, Format Version 12.00
# Visual Studio 15
Project("{FAE04EC0-301F-11D3-BF4B-00C04F79EFBC}") = "PushNotificationTest", "PushNotificationTest.csproj", "{AE93B332-0656-7839-5B3D-7D651D8B4178}"
EndProject
Global
	GlobalSection(SolutionConfigurationPlatforms) = preSolution
		Debug|Any CPU = Debug|Any CPU
		Release|Any CPU = Release|Any CPU
	EndGlobalSection
	GlobalSection(ProjectConfigurationPlatforms) = postSolution
		{AE93B332-0656-7839-5B3D-7D651D8B4178}.Debug|Any CPU.ActiveCfg = Debug|Any CPU
		{AE93B332-0656-7839-5B3D-7D651D8B4178}.Debug|Any CPU.Build.0 = Debug|Any CPU
		{AE93B332-0656-7839-5B3D-7D651D8B4178}.Release|Any CPU.ActiveCfg = Release|Any CPU
		{AE93B332-0656-7839-5B3D-7D651D8B4178}.Release|Any CPU.Build.0 = Release|Any CPU
	EndGlobalSection
	GlobalSection(SolutionProperties) = preSolution
		HideSolutionNode = FALSE
	EndGlobalSection
EndGlobal
